
Microsoft Visual Studio Solution File, Format Version 12.00
# Visual Studio Version 17
VisualStudioVersion = 17.5.002.0
MinimumVisualStudioVersion = 10.0.40219.1
Project("{9A19103F-16F7-4668-BE54-9A1E7A4F7556}") = "FormsInTheWeb", "FormsInTheWeb.csproj", "{8FF9098D-E5F9-4259-A7ED-479FC0D8F9EF}"
EndProject
Global
	GlobalSection(SolutionConfigurationPlatforms) = preSolution
		Debug|Any CPU = Debug|Any CPU
		Release|Any CPU = Release|Any CPU
	EndGlobalSection
	GlobalSection(ProjectConfigurationPlatforms) = postSolution
		{8FF9098D-E5F9-4259-A7ED-479FC0D8F9EF}.Debug|Any CPU.ActiveCfg = Debug|Any CPU
		{8FF9098D-E5F9-4259-A7ED-479FC0D8F9EF}.Debug|Any CPU.Build.0 = Debug|Any CPU
		{8FF9098D-E5F9-4259-A7ED-479FC0D8F9EF}.Release|Any CPU.ActiveCfg = Release|Any CPU
		{8FF9098D-E5F9-4259-A7ED-479FC0D8F9EF}.Release|Any CPU.Build.0 = Release|Any CPU
	EndGlobalSection
	GlobalSection(SolutionProperties) = preSolution
		HideSolutionNode = FALSE
	EndGlobalSection
	GlobalSection(ExtensibilityGlobals) = postSolution
		SolutionGuid = {37E231D2-6EAC-455C-B7E1-BB9B9EE4DAAA}
	EndGlobalSection
EndGlobal
