
Microsoft Visual Studio Solution File, Format Version 12.00
# Visual Studio Version 17
VisualStudioVersion = 17.5.002.0
MinimumVisualStudioVersion = 10.0.40219.1
Project("{9A19103F-16F7-4668-BE54-9A1E7A4F7556}") = "databaseLecture", "databaseLecture.csproj", "{504DFF5D-75BB-4C7D-A497-5EDE88F83CE1}"
EndProject
Global
	GlobalSection(SolutionConfigurationPlatforms) = preSolution
		Debug|Any CPU = Debug|Any CPU
		Release|Any CPU = Release|Any CPU
	EndGlobalSection
	GlobalSection(ProjectConfigurationPlatforms) = postSolution
		{504DFF5D-75BB-4C7D-A497-5EDE88F83CE1}.Debug|Any CPU.ActiveCfg = Debug|Any CPU
		{504DFF5D-75BB-4C7D-A497-5EDE88F83CE1}.Debug|Any CPU.Build.0 = Debug|Any CPU
		{504DFF5D-75BB-4C7D-A497-5EDE88F83CE1}.Release|Any CPU.ActiveCfg = Release|Any CPU
		{504DFF5D-75BB-4C7D-A497-5EDE88F83CE1}.Release|Any CPU.Build.0 = Release|Any CPU
	EndGlobalSection
	GlobalSection(SolutionProperties) = preSolution
		HideSolutionNode = FALSE
	EndGlobalSection
	GlobalSection(ExtensibilityGlobals) = postSolution
		SolutionGuid = {510FCE4C-03DA-4129-B6BD-E9EB0CF72752}
	EndGlobalSection
EndGlobal
