
Microsoft Visual Studio Solution File, Format Version 12.00
# Visual Studio Version 17
VisualStudioVersion = 17.5.002.0
MinimumVisualStudioVersion = 10.0.40219.1
Project("{9A19103F-16F7-4668-BE54-9A1E7A4F7556}") = "OneToManyDemo", "OneToManyDemo.csproj", "{B8EC52C8-D03C-4DA6-A6D8-0204D7BFB191}"
EndProject
Global
	GlobalSection(SolutionConfigurationPlatforms) = preSolution
		Debug|Any CPU = Debug|Any CPU
		Release|Any CPU = Release|Any CPU
	EndGlobalSection
	GlobalSection(ProjectConfigurationPlatforms) = postSolution
		{B8EC52C8-D03C-4DA6-A6D8-0204D7BFB191}.Debug|Any CPU.ActiveCfg = Debug|Any CPU
		{B8EC52C8-D03C-4DA6-A6D8-0204D7BFB191}.Debug|Any CPU.Build.0 = Debug|Any CPU
		{B8EC52C8-D03C-4DA6-A6D8-0204D7BFB191}.Release|Any CPU.ActiveCfg = Release|Any CPU
		{B8EC52C8-D03C-4DA6-A6D8-0204D7BFB191}.Release|Any CPU.Build.0 = Release|Any CPU
	EndGlobalSection
	GlobalSection(SolutionProperties) = preSolution
		HideSolutionNode = FALSE
	EndGlobalSection
	GlobalSection(ExtensibilityGlobals) = postSolution
		SolutionGuid = {3E7F2275-E1C0-4D9A-A211-5B2A55688E22}
	EndGlobalSection
EndGlobal
